// !$*UTF8*$!
{
	archiveVersion = 1;
	classes = {
	};
	objectVersion = 46;
	objects = {

/* Begin PBXBuildFile section */
		2CF8D1E127CD4EDE72C9F77F /* Pods_GetMyTagUITests.framework in Frameworks */ = {isa = PBXBuildFile; fileRef = FAC7218494CAA1D8D898393E /* Pods_GetMyTagUITests.framework */; };
		353A85751E6B786F00278195 /* AppDelegate.swift in Sources */ = {isa = PBXBuildFile; fileRef = 353A85741E6B786F00278195 /* AppDelegate.swift */; };
		353A85771E6B786F00278195 /* ViewController.swift in Sources */ = {isa = PBXBuildFile; fileRef = 353A85761E6B786F00278195 /* ViewController.swift */; };
		353A857A1E6B786F00278195 /* Main.storyboard in Resources */ = {isa = PBXBuildFile; fileRef = 353A85781E6B786F00278195 /* Main.storyboard */; };
		353A857C1E6B786F00278195 /* Assets.xcassets in Resources */ = {isa = PBXBuildFile; fileRef = 353A857B1E6B786F00278195 /* Assets.xcassets */; };
		353A857F1E6B786F00278195 /* LaunchScreen.storyboard in Resources */ = {isa = PBXBuildFile; fileRef = 353A857D1E6B786F00278195 /* LaunchScreen.storyboard */; };
		353A858A1E6B786F00278195 /* GetMyTagTests.swift in Sources */ = {isa = PBXBuildFile; fileRef = 353A85891E6B786F00278195 /* GetMyTagTests.swift */; };
		353A85951E6B786F00278195 /* GetMyTagUITests.swift in Sources */ = {isa = PBXBuildFile; fileRef = 353A85941E6B786F00278195 /* GetMyTagUITests.swift */; };
		353A85A61E6B791400278195 /* TagsColorsViewController.swift in Sources */ = {isa = PBXBuildFile; fileRef = 353A85A21E6B791400278195 /* TagsColorsViewController.swift */; };
		353A85A71E6B791400278195 /* TagsColorsTableViewController.swift in Sources */ = {isa = PBXBuildFile; fileRef = 353A85A31E6B791400278195 /* TagsColorsTableViewController.swift */; };
		353A85A81E6B791400278195 /* PhotoColor.swift in Sources */ = {isa = PBXBuildFile; fileRef = 353A85A41E6B791400278195 /* PhotoColor.swift */; };
		353A85A91E6B791400278195 /* TagsColorTableData.swift in Sources */ = {isa = PBXBuildFile; fileRef = 353A85A51E6B791400278195 /* TagsColorTableData.swift */; };
		353A85AF1E75F57F00278195 /* ImaggaRouter.swift in Sources */ = {isa = PBXBuildFile; fileRef = 353A85AE1E75F57F00278195 /* ImaggaRouter.swift */; };
		7BF5CDE3216A093D7065BD50 /* Pods_GetMyTag.framework in Frameworks */ = {isa = PBXBuildFile; fileRef = A4D89B1633A6FDF890DFE264 /* Pods_GetMyTag.framework */; };
		AAA942A094046B54B3D4CAAE /* Pods_GetMyTagTests.framework in Frameworks */ = {isa = PBXBuildFile; fileRef = EE49D770F76F2A0764C5BE87 /* Pods_GetMyTagTests.framework */; };
/* End PBXBuildFile section */

/* Begin PBXContainerItemProxy section */
		353A85861E6B786F00278195 /* PBXContainerItemProxy */ = {
			isa = PBXContainerItemProxy;
			containerPortal = 353A85691E6B786F00278195 /* Project object */;
			proxyType = 1;
			remoteGlobalIDString = 353A85701E6B786F00278195;
			remoteInfo = GetMyTag;
		};
		353A85911E6B786F00278195 /* PBXContainerItemProxy */ = {
			isa = PBXContainerItemProxy;
			containerPortal = 353A85691E6B786F00278195 /* Project object */;
			proxyType = 1;
			remoteGlobalIDString = 353A85701E6B786F00278195;
			remoteInfo = GetMyTag;
		};
/* End PBXContainerItemProxy section */

/* Begin PBXFileReference section */
		2696153B6200A323059D3C9D /* Pods-GetMyTagUITests.release.xcconfig */ = {isa = PBXFileReference; includeInIndex = 1; lastKnownFileType = text.xcconfig; name = "Pods-GetMyTagUITests.release.xcconfig"; path = "Pods/Target Support Files/Pods-GetMyTagUITests/Pods-GetMyTagUITests.release.xcconfig"; sourceTree = "<group>"; };
		353A85711E6B786F00278195 /* GetMyTag.app */ = {isa = PBXFileReference; explicitFileType = wrapper.application; includeInIndex = 0; path = GetMyTag.app; sourceTree = BUILT_PRODUCTS_DIR; };
		353A85741E6B786F00278195 /* AppDelegate.swift */ = {isa = PBXFileReference; lastKnownFileType = sourcecode.swift; path = AppDelegate.swift; sourceTree = "<group>"; };
		353A85761E6B786F00278195 /* ViewController.swift */ = {isa = PBXFileReference; lastKnownFileType = sourcecode.swift; path = ViewController.swift; sourceTree = "<group>"; };
		353A85791E6B786F00278195 /* Base */ = {isa = PBXFileReference; lastKnownFileType = file.storyboard; name = Base; path = Base.lproj/Main.storyboard; sourceTree = "<group>"; };
		353A857B1E6B786F00278195 /* Assets.xcassets */ = {isa = PBXFileReference; lastKnownFileType = folder.assetcatalog; path = Assets.xcassets; sourceTree = "<group>"; };
		353A857E1E6B786F00278195 /* Base */ = {isa = PBXFileReference; lastKnownFileType = file.storyboard; name = Base; path = Base.lproj/LaunchScreen.storyboard; sourceTree = "<group>"; };
		353A85801E6B786F00278195 /* Info.plist */ = {isa = PBXFileReference; lastKnownFileType = text.plist.xml; path = Info.plist; sourceTree = "<group>"; };
		353A85851E6B786F00278195 /* GetMyTagTests.xctest */ = {isa = PBXFileReference; explicitFileType = wrapper.cfbundle; includeInIndex = 0; path = GetMyTagTests.xctest; sourceTree = BUILT_PRODUCTS_DIR; };
		353A85891E6B786F00278195 /* GetMyTagTests.swift */ = {isa = PBXFileReference; lastKnownFileType = sourcecode.swift; path = GetMyTagTests.swift; sourceTree = "<group>"; };
		353A858B1E6B786F00278195 /* Info.plist */ = {isa = PBXFileReference; lastKnownFileType = text.plist.xml; path = Info.plist; sourceTree = "<group>"; };
		353A85901E6B786F00278195 /* GetMyTagUITests.xctest */ = {isa = PBXFileReference; explicitFileType = wrapper.cfbundle; includeInIndex = 0; path = GetMyTagUITests.xctest; sourceTree = BUILT_PRODUCTS_DIR; };
		353A85941E6B786F00278195 /* GetMyTagUITests.swift */ = {isa = PBXFileReference; lastKnownFileType = sourcecode.swift; path = GetMyTagUITests.swift; sourceTree = "<group>"; };
		353A85961E6B786F00278195 /* Info.plist */ = {isa = PBXFileReference; lastKnownFileType = text.plist.xml; path = Info.plist; sourceTree = "<group>"; };
		353A85A21E6B791400278195 /* TagsColorsViewController.swift */ = {isa = PBXFileReference; fileEncoding = 4; lastKnownFileType = sourcecode.swift; path = TagsColorsViewController.swift; sourceTree = "<group>"; };
		353A85A31E6B791400278195 /* TagsColorsTableViewController.swift */ = {isa = PBXFileReference; fileEncoding = 4; lastKnownFileType = sourcecode.swift; path = TagsColorsTableViewController.swift; sourceTree = "<group>"; };
		353A85A41E6B791400278195 /* PhotoColor.swift */ = {isa = PBXFileReference; fileEncoding = 4; lastKnownFileType = sourcecode.swift; path = PhotoColor.swift; sourceTree = "<group>"; };
		353A85A51E6B791400278195 /* TagsColorTableData.swift */ = {isa = PBXFileReference; fileEncoding = 4; lastKnownFileType = sourcecode.swift; path = TagsColorTableData.swift; sourceTree = "<group>"; };
		353A85AE1E75F57F00278195 /* ImaggaRouter.swift */ = {isa = PBXFileReference; fileEncoding = 4; lastKnownFileType = sourcecode.swift; path = ImaggaRouter.swift; sourceTree = "<group>"; };
		576355623A9971DCC32234A7 /* Pods-GetMyTagTests.release.xcconfig */ = {isa = PBXFileReference; includeInIndex = 1; lastKnownFileType = text.xcconfig; name = "Pods-GetMyTagTests.release.xcconfig"; path = "Pods/Target Support Files/Pods-GetMyTagTests/Pods-GetMyTagTests.release.xcconfig"; sourceTree = "<group>"; };
		966E9E3F28AC1681A9D483FF /* Pods-GetMyTag.debug.xcconfig */ = {isa = PBXFileReference; includeInIndex = 1; lastKnownFileType = text.xcconfig; name = "Pods-GetMyTag.debug.xcconfig"; path = "Pods/Target Support Files/Pods-GetMyTag/Pods-GetMyTag.debug.xcconfig"; sourceTree = "<group>"; };
		A4D89B1633A6FDF890DFE264 /* Pods_GetMyTag.framework */ = {isa = PBXFileReference; explicitFileType = wrapper.framework; includeInIndex = 0; path = Pods_GetMyTag.framework; sourceTree = BUILT_PRODUCTS_DIR; };
		B2506081DCFF1AC588798626 /* Pods-GetMyTag.release.xcconfig */ = {isa = PBXFileReference; includeInIndex = 1; lastKnownFileType = text.xcconfig; name = "Pods-GetMyTag.release.xcconfig"; path = "Pods/Target Support Files/Pods-GetMyTag/Pods-GetMyTag.release.xcconfig"; sourceTree = "<group>"; };
		E262F810C99A3F4902C111F3 /* Pods-GetMyTagUITests.debug.xcconfig */ = {isa = PBXFileReference; includeInIndex = 1; lastKnownFileType = text.xcconfig; name = "Pods-GetMyTagUITests.debug.xcconfig"; path = "Pods/Target Support Files/Pods-GetMyTagUITests/Pods-GetMyTagUITests.debug.xcconfig"; sourceTree = "<group>"; };
		EE49D770F76F2A0764C5BE87 /* Pods_GetMyTagTests.framework */ = {isa = PBXFileReference; explicitFileType = wrapper.framework; includeInIndex = 0; path = Pods_GetMyTagTests.framework; sourceTree = BUILT_PRODUCTS_DIR; };
		F8DA4CE488C4215D35B5CCAF /* Pods-GetMyTagTests.debug.xcconfig */ = {isa = PBXFileReference; includeInIndex = 1; lastKnownFileType = text.xcconfig; name = "Pods-GetMyTagTests.debug.xcconfig"; path = "Pods/Target Support Files/Pods-GetMyTagTests/Pods-GetMyTagTests.debug.xcconfig"; sourceTree = "<group>"; };
		FAC7218494CAA1D8D898393E /* Pods_GetMyTagUITests.framework */ = {isa = PBXFileReference; explicitFileType = wrapper.framework; includeInIndex = 0; path = Pods_GetMyTagUITests.framework; sourceTree = BUILT_PRODUCTS_DIR; };
/* End PBXFileReference section */

/* Begin PBXFrameworksBuildPhase section */
		353A856E1E6B786F00278195 /* Frameworks */ = {
			isa = PBXFrameworksBuildPhase;
			buildActionMask = 2147483647;
			files = (
				7BF5CDE3216A093D7065BD50 /* Pods_GetMyTag.framework in Frameworks */,
			);
			runOnlyForDeploymentPostprocessing = 0;
		};
		353A85821E6B786F00278195 /* Frameworks */ = {
			isa = PBXFrameworksBuildPhase;
			buildActionMask = 2147483647;
			files = (
				AAA942A094046B54B3D4CAAE /* Pods_GetMyTagTests.framework in Frameworks */,
			);
			runOnlyForDeploymentPostprocessing = 0;
		};
		353A858D1E6B786F00278195 /* Frameworks */ = {
			isa = PBXFrameworksBuildPhase;
			buildActionMask = 2147483647;
			files = (
				2CF8D1E127CD4EDE72C9F77F /* Pods_GetMyTagUITests.framework in Frameworks */,
			);
			runOnlyForDeploymentPostprocessing = 0;
		};
/* End PBXFrameworksBuildPhase section */

/* Begin PBXGroup section */
		353A85681E6B786F00278195 = {
			isa = PBXGroup;
			children = (
				353A85731E6B786F00278195 /* GetMyTag */,
				353A85881E6B786F00278195 /* GetMyTagTests */,
				353A85931E6B786F00278195 /* GetMyTagUITests */,
				353A85721E6B786F00278195 /* Products */,
				4ADF70E92582C96D9D1175FB /* Pods */,
				80B125B1E8E34B82CEF6E55E /* Frameworks */,
			);
			sourceTree = "<group>";
		};
		353A85721E6B786F00278195 /* Products */ = {
			isa = PBXGroup;
			children = (
				353A85711E6B786F00278195 /* GetMyTag.app */,
				353A85851E6B786F00278195 /* GetMyTagTests.xctest */,
				353A85901E6B786F00278195 /* GetMyTagUITests.xctest */,
			);
			name = Products;
			sourceTree = "<group>";
		};
		353A85731E6B786F00278195 /* GetMyTag */ = {
			isa = PBXGroup;
			children = (
				353A85741E6B786F00278195 /* AppDelegate.swift */,
				353A85761E6B786F00278195 /* ViewController.swift */,
				353A85A21E6B791400278195 /* TagsColorsViewController.swift */,
				353A85A31E6B791400278195 /* TagsColorsTableViewController.swift */,
				353A85A51E6B791400278195 /* TagsColorTableData.swift */,
				353A85A41E6B791400278195 /* PhotoColor.swift */,
				353A85AE1E75F57F00278195 /* ImaggaRouter.swift */,
				353A857B1E6B786F00278195 /* Assets.xcassets */,
				353A85781E6B786F00278195 /* Main.storyboard */,
				353A857D1E6B786F00278195 /* LaunchScreen.storyboard */,
				353A85801E6B786F00278195 /* Info.plist */,
			);
			path = GetMyTag;
			sourceTree = "<group>";
		};
		353A85881E6B786F00278195 /* GetMyTagTests */ = {
			isa = PBXGroup;
			children = (
				353A85891E6B786F00278195 /* GetMyTagTests.swift */,
				353A858B1E6B786F00278195 /* Info.plist */,
			);
			path = GetMyTagTests;
			sourceTree = "<group>";
		};
		353A85931E6B786F00278195 /* GetMyTagUITests */ = {
			isa = PBXGroup;
			children = (
				353A85941E6B786F00278195 /* GetMyTagUITests.swift */,
				353A85961E6B786F00278195 /* Info.plist */,
			);
			path = GetMyTagUITests;
			sourceTree = "<group>";
		};
		4ADF70E92582C96D9D1175FB /* Pods */ = {
			isa = PBXGroup;
			children = (
				966E9E3F28AC1681A9D483FF /* Pods-GetMyTag.debug.xcconfig */,
				B2506081DCFF1AC588798626 /* Pods-GetMyTag.release.xcconfig */,
				F8DA4CE488C4215D35B5CCAF /* Pods-GetMyTagTests.debug.xcconfig */,
				576355623A9971DCC32234A7 /* Pods-GetMyTagTests.release.xcconfig */,
				E262F810C99A3F4902C111F3 /* Pods-GetMyTagUITests.debug.xcconfig */,
				2696153B6200A323059D3C9D /* Pods-GetMyTagUITests.release.xcconfig */,
			);
			name = Pods;
			sourceTree = "<group>";
		};
		80B125B1E8E34B82CEF6E55E /* Frameworks */ = {
			isa = PBXGroup;
			children = (
				A4D89B1633A6FDF890DFE264 /* Pods_GetMyTag.framework */,
				EE49D770F76F2A0764C5BE87 /* Pods_GetMyTagTests.framework */,
				FAC7218494CAA1D8D898393E /* Pods_GetMyTagUITests.framework */,
			);
			name = Frameworks;
			sourceTree = "<group>";
		};
/* End PBXGroup section */

/* Begin PBXNativeTarget section */
		353A85701E6B786F00278195 /* GetMyTag */ = {
			isa = PBXNativeTarget;
			buildConfigurationList = 353A85991E6B786F00278195 /* Build configuration list for PBXNativeTarget "GetMyTag" */;
			buildPhases = (
				F9BBD5F86FE4F7D4476EDE04 /* [CP] Check Pods Manifest.lock */,
				353A856D1E6B786F00278195 /* Sources */,
				353A856E1E6B786F00278195 /* Frameworks */,
				353A856F1E6B786F00278195 /* Resources */,
				C407DA7A55E33027C04A78AC /* [CP] Embed Pods Frameworks */,
				DF591D38D173E50B53A51C9B /* [CP] Copy Pods Resources */,
			);
			buildRules = (
			);
			dependencies = (
			);
			name = GetMyTag;
			productName = GetMyTag;
			productReference = 353A85711E6B786F00278195 /* GetMyTag.app */;
			productType = "com.apple.product-type.application";
		};
		353A85841E6B786F00278195 /* GetMyTagTests */ = {
			isa = PBXNativeTarget;
			buildConfigurationList = 353A859C1E6B786F00278195 /* Build configuration list for PBXNativeTarget "GetMyTagTests" */;
			buildPhases = (
				2DE2DE93F43DAD04B30D5F5A /* [CP] Check Pods Manifest.lock */,
				353A85811E6B786F00278195 /* Sources */,
				353A85821E6B786F00278195 /* Frameworks */,
				353A85831E6B786F00278195 /* Resources */,
				D6FA7658201EC6C099788F1D /* [CP] Embed Pods Frameworks */,
				0B9634C57D2793F49F1CC792 /* [CP] Copy Pods Resources */,
			);
			buildRules = (
			);
			dependencies = (
				353A85871E6B786F00278195 /* PBXTargetDependency */,
			);
			name = GetMyTagTests;
			productName = GetMyTagTests;
			productReference = 353A85851E6B786F00278195 /* GetMyTagTests.xctest */;
			productType = "com.apple.product-type.bundle.unit-test";
		};
		353A858F1E6B786F00278195 /* GetMyTagUITests */ = {
			isa = PBXNativeTarget;
			buildConfigurationList = 353A859F1E6B786F00278195 /* Build configuration list for PBXNativeTarget "GetMyTagUITests" */;
			buildPhases = (
				39F089D5BE170128550A6FF4 /* [CP] Check Pods Manifest.lock */,
				353A858C1E6B786F00278195 /* Sources */,
				353A858D1E6B786F00278195 /* Frameworks */,
				353A858E1E6B786F00278195 /* Resources */,
				D11C844BBECDE55EACB7D361 /* [CP] Embed Pods Frameworks */,
				37EC831770AA2F897A15E74A /* [CP] Copy Pods Resources */,
			);
			buildRules = (
			);
			dependencies = (
				353A85921E6B786F00278195 /* PBXTargetDependency */,
			);
			name = GetMyTagUITests;
			productName = GetMyTagUITests;
			productReference = 353A85901E6B786F00278195 /* GetMyTagUITests.xctest */;
			productType = "com.apple.product-type.bundle.ui-testing";
		};
/* End PBXNativeTarget section */

/* Begin PBXProject section */
		353A85691E6B786F00278195 /* Project object */ = {
			isa = PBXProject;
			attributes = {
				LastSwiftUpdateCheck = 0820;
				LastUpgradeCheck = 0820;
				ORGANIZATIONNAME = "Felipe Mota";
				TargetAttributes = {
					353A85701E6B786F00278195 = {
						CreatedOnToolsVersion = 8.2;
						ProvisioningStyle = Automatic;
					};
					353A85841E6B786F00278195 = {
						CreatedOnToolsVersion = 8.2;
						ProvisioningStyle = Automatic;
						TestTargetID = 353A85701E6B786F00278195;
					};
					353A858F1E6B786F00278195 = {
						CreatedOnToolsVersion = 8.2;
						ProvisioningStyle = Automatic;
						TestTargetID = 353A85701E6B786F00278195;
					};
				};
			};
			buildConfigurationList = 353A856C1E6B786F00278195 /* Build configuration list for PBXProject "GetMyTag" */;
			compatibilityVersion = "Xcode 3.2";
			developmentRegion = English;
			hasScannedForEncodings = 0;
			knownRegions = (
				en,
				Base,
			);
			mainGroup = 353A85681E6B786F00278195;
			productRefGroup = 353A85721E6B786F00278195 /* Products */;
			projectDirPath = "";
			projectRoot = "";
			targets = (
				353A85701E6B786F00278195 /* GetMyTag */,
				353A85841E6B786F00278195 /* GetMyTagTests */,
				353A858F1E6B786F00278195 /* GetMyTagUITests */,
			);
		};
/* End PBXProject section */

/* Begin PBXResourcesBuildPhase section */
		353A856F1E6B786F00278195 /* Resources */ = {
			isa = PBXResourcesBuildPhase;
			buildActionMask = 2147483647;
			files = (
				353A857F1E6B786F00278195 /* LaunchScreen.storyboard in Resources */,
				353A857C1E6B786F00278195 /* Assets.xcassets in Resources */,
				353A857A1E6B786F00278195 /* Main.storyboard in Resources */,
			);
			runOnlyForDeploymentPostprocessing = 0;
		};
		353A85831E6B786F00278195 /* Resources */ = {
			isa = PBXResourcesBuildPhase;
			buildActionMask = 2147483647;
			files = (
			);
			runOnlyForDeploymentPostprocessing = 0;
		};
		353A858E1E6B786F00278195 /* Resources */ = {
			isa = PBXResourcesBuildPhase;
			buildActionMask = 2147483647;
			files = (
			);
			runOnlyForDeploymentPostprocessing = 0;
		};
/* End PBXResourcesBuildPhase section */

/* Begin PBXShellScriptBuildPhase section */
		0B9634C57D2793F49F1CC792 /* [CP] Copy Pods Resources */ = {
			isa = PBXShellScriptBuildPhase;
			buildActionMask = 2147483647;
			files = (
			);
			inputPaths = (
			);
			name = "[CP] Copy Pods Resources";
			outputPaths = (
			);
			runOnlyForDeploymentPostprocessing = 0;
			shellPath = /bin/sh;
			shellScript = "\"${SRCROOT}/Pods/Target Support Files/Pods-GetMyTagTests/Pods-GetMyTagTests-resources.sh\"\n";
			showEnvVarsInLog = 0;
		};
		2DE2DE93F43DAD04B30D5F5A /* [CP] Check Pods Manifest.lock */ = {
			isa = PBXShellScriptBuildPhase;
			buildActionMask = 2147483647;
			files = (
			);
			inputPaths = (
			);
			name = "[CP] Check Pods Manifest.lock";
			outputPaths = (
			);
			runOnlyForDeploymentPostprocessing = 0;
			shellPath = /bin/sh;
			shellScript = "diff \"${PODS_ROOT}/../Podfile.lock\" \"${PODS_ROOT}/Manifest.lock\" > /dev/null\nif [ $? != 0 ] ; then\n    # print error to STDERR\n    echo \"error: The sandbox is not in sync with the Podfile.lock. Run 'pod install' or update your CocoaPods installation.\" >&2\n    exit 1\nfi\n";
			showEnvVarsInLog = 0;
		};
		37EC831770AA2F897A15E74A /* [CP] Copy Pods Resources */ = {
			isa = PBXShellScriptBuildPhase;
			buildActionMask = 2147483647;
			files = (
			);
			inputPaths = (
			);
			name = "[CP] Copy Pods Resources";
			outputPaths = (
			);
			runOnlyForDeploymentPostprocessing = 0;
			shellPath = /bin/sh;
			shellScript = "\"${SRCROOT}/Pods/Target Support Files/Pods-GetMyTagUITests/Pods-GetMyTagUITests-resources.sh\"\n";
			showEnvVarsInLog = 0;
		};
		39F089D5BE170128550A6FF4 /* [CP] Check Pods Manifest.lock */ = {
			isa = PBXShellScriptBuildPhase;
			buildActionMask = 2147483647;
			files = (
			);
			inputPaths = (
			);
			name = "[CP] Check Pods Manifest.lock";
			outputPaths = (
			);
			runOnlyForDeploymentPostprocessing = 0;
			shellPath = /bin/sh;
			shellScript = "diff \"${PODS_ROOT}/../Podfile.lock\" \"${PODS_ROOT}/Manifest.lock\" > /dev/null\nif [ $? != 0 ] ; then\n    # print error to STDERR\n    echo \"error: The sandbox is not in sync with the Podfile.lock. Run 'pod install' or update your CocoaPods installation.\" >&2\n    exit 1\nfi\n";
			showEnvVarsInLog = 0;
		};
		C407DA7A55E33027C04A78AC /* [CP] Embed Pods Frameworks */ = {
			isa = PBXShellScriptBuildPhase;
			buildActionMask = 2147483647;
			files = (
			);
			inputPaths = (
			);
			name = "[CP] Embed Pods Frameworks";
			outputPaths = (
			);
			runOnlyForDeploymentPostprocessing = 0;
			shellPath = /bin/sh;
			shellScript = "\"${SRCROOT}/Pods/Target Support Files/Pods-GetMyTag/Pods-GetMyTag-frameworks.sh\"\n";
			showEnvVarsInLog = 0;
		};
		D11C844BBECDE55EACB7D361 /* [CP] Embed Pods Frameworks */ = {
			isa = PBXShellScriptBuildPhase;
			buildActionMask = 2147483647;
			files = (
			);
			inputPaths = (
			);
			name = "[CP] Embed Pods Frameworks";
			outputPaths = (
			);
			runOnlyForDeploymentPostprocessing = 0;
			shellPath = /bin/sh;
			shellScript = "\"${SRCROOT}/Pods/Target Support Files/Pods-GetMyTagUITests/Pods-GetMyTagUITests-frameworks.sh\"\n";
			showEnvVarsInLog = 0;
		};
		D6FA7658201EC6C099788F1D /* [CP] Embed Pods Frameworks */ = {
			isa = PBXShellScriptBuildPhase;
			buildActionMask = 2147483647;
			files = (
			);
			inputPaths = (
			);
			name = "[CP] Embed Pods Frameworks";
			outputPaths = (
			);
			runOnlyForDeploymentPostprocessing = 0;
			shellPath = /bin/sh;
			shellScript = "\"${SRCROOT}/Pods/Target Support Files/Pods-GetMyTagTests/Pods-GetMyTagTests-frameworks.sh\"\n";
			showEnvVarsInLog = 0;
		};
		DF591D38D173E50B53A51C9B /* [CP] Copy Pods Resources */ = {
			isa = PBXShellScriptBuildPhase;
			buildActionMask = 2147483647;
			files = (
			);
			inputPaths = (
			);
			name = "[CP] Copy Pods Resources";
			outputPaths = (
			);
			runOnlyForDeploymentPostprocessing = 0;
			shellPath = /bin/sh;
			shellScript = "\"${SRCROOT}/Pods/Target Support Files/Pods-GetMyTag/Pods-GetMyTag-resources.sh\"\n";
			showEnvVarsInLog = 0;
		};
		F9BBD5F86FE4F7D4476EDE04 /* [CP] Check Pods Manifest.lock */ = {
			isa = PBXShellScriptBuildPhase;
			buildActionMask = 2147483647;
			files = (
			);
			inputPaths = (
			);
			name = "[CP] Check Pods Manifest.lock";
			outputPaths = (
			);
			runOnlyForDeploymentPostprocessing = 0;
			shellPath = /bin/sh;
			shellScript = "diff \"${PODS_ROOT}/../Podfile.lock\" \"${PODS_ROOT}/Manifest.lock\" > /dev/null\nif [ $? != 0 ] ; then\n    # print error to STDERR\n    echo \"error: The sandbox is not in sync with the Podfile.lock. Run 'pod install' or update your CocoaPods installation.\" >&2\n    exit 1\nfi\n";
			showEnvVarsInLog = 0;
		};
/* End PBXShellScriptBuildPhase section */

/* Begin PBXSourcesBuildPhase section */
		353A856D1E6B786F00278195 /* Sources */ = {
			isa = PBXSourcesBuildPhase;
			buildActionMask = 2147483647;
			files = (
				353A85A61E6B791400278195 /* TagsColorsViewController.swift in Sources */,
				353A85A81E6B791400278195 /* PhotoColor.swift in Sources */,
				353A85AF1E75F57F00278195 /* ImaggaRouter.swift in Sources */,
				353A85771E6B786F00278195 /* ViewController.swift in Sources */,
				353A85A91E6B791400278195 /* TagsColorTableData.swift in Sources */,
				353A85A71E6B791400278195 /* TagsColorsTableViewController.swift in Sources */,
				353A85751E6B786F00278195 /* AppDelegate.swift in Sources */,
			);
			runOnlyForDeploymentPostprocessing = 0;
		};
		353A85811E6B786F00278195 /* Sources */ = {
			isa = PBXSourcesBuildPhase;
			buildActionMask = 2147483647;
			files = (
				353A858A1E6B786F00278195 /* GetMyTagTests.swift in Sources */,
			);
			runOnlyForDeploymentPostprocessing = 0;
		};
		353A858C1E6B786F00278195 /* Sources */ = {
			isa = PBXSourcesBuildPhase;
			buildActionMask = 2147483647;
			files = (
				353A85951E6B786F00278195 /* GetMyTagUITests.swift in Sources */,
			);
			runOnlyForDeploymentPostprocessing = 0;
		};
/* End PBXSourcesBuildPhase section */

/* Begin PBXTargetDependency section */
		353A85871E6B786F00278195 /* PBXTargetDependency */ = {
			isa = PBXTargetDependency;
			target = 353A85701E6B786F00278195 /* GetMyTag */;
			targetProxy = 353A85861E6B786F00278195 /* PBXContainerItemProxy */;
		};
		353A85921E6B786F00278195 /* PBXTargetDependency */ = {
			isa = PBXTargetDependency;
			target = 353A85701E6B786F00278195 /* GetMyTag */;
			targetProxy = 353A85911E6B786F00278195 /* PBXContainerItemProxy */;
		};
/* End PBXTargetDependency section */

/* Begin PBXVariantGroup section */
		353A85781E6B786F00278195 /* Main.storyboard */ = {
			isa = PBXVariantGroup;
			children = (
				353A85791E6B786F00278195 /* Base */,
			);
			name = Main.storyboard;
			sourceTree = "<group>";
		};
		353A857D1E6B786F00278195 /* LaunchScreen.storyboard */ = {
			isa = PBXVariantGroup;
			children = (
				353A857E1E6B786F00278195 /* Base */,
			);
			name = LaunchScreen.storyboard;
			sourceTree = "<group>";
		};
/* End PBXVariantGroup section */

/* Begin XCBuildConfiguration section */
		353A85971E6B786F00278195 /* Debug */ = {
			isa = XCBuildConfiguration;
			buildSettings = {
				ALWAYS_SEARCH_USER_PATHS = NO;
				CLANG_ANALYZER_NONNULL = YES;
				CLANG_CXX_LANGUAGE_STANDARD = "gnu++0x";
				CLANG_CXX_LIBRARY = "libc++";
				CLANG_ENABLE_MODULES = YES;
				CLANG_ENABLE_OBJC_ARC = YES;
				CLANG_WARN_BOOL_CONVERSION = YES;
				CLANG_WARN_CONSTANT_CONVERSION = YES;
				CLANG_WARN_DIRECT_OBJC_ISA_USAGE = YES_ERROR;
				CLANG_WARN_DOCUMENTATION_COMMENTS = YES;
				CLANG_WARN_EMPTY_BODY = YES;
				CLANG_WARN_ENUM_CONVERSION = YES;
				CLANG_WARN_INFINITE_RECURSION = YES;
				CLANG_WARN_INT_CONVERSION = YES;
				CLANG_WARN_OBJC_ROOT_CLASS = YES_ERROR;
				CLANG_WARN_SUSPICIOUS_MOVE = YES;
				CLANG_WARN_UNREACHABLE_CODE = YES;
				CLANG_WARN__DUPLICATE_METHOD_MATCH = YES;
				"CODE_SIGN_IDENTITY[sdk=iphoneos*]" = "iPhone Developer";
				COPY_PHASE_STRIP = NO;
				DEBUG_INFORMATION_FORMAT = dwarf;
				ENABLE_STRICT_OBJC_MSGSEND = YES;
				ENABLE_TESTABILITY = YES;
				GCC_C_LANGUAGE_STANDARD = gnu99;
				GCC_DYNAMIC_NO_PIC = NO;
				GCC_NO_COMMON_BLOCKS = YES;
				GCC_OPTIMIZATION_LEVEL = 0;
				GCC_PREPROCESSOR_DEFINITIONS = (
					"DEBUG=1",
					"$(inherited)",
				);
				GCC_WARN_64_TO_32_BIT_CONVERSION = YES;
				GCC_WARN_ABOUT_RETURN_TYPE = YES_ERROR;
				GCC_WARN_UNDECLARED_SELECTOR = YES;
				GCC_WARN_UNINITIALIZED_AUTOS = YES_AGGRESSIVE;
				GCC_WARN_UNUSED_FUNCTION = YES;
				GCC_WARN_UNUSED_VARIABLE = YES;
				IPHONEOS_DEPLOYMENT_TARGET = 10.2;
				MTL_ENABLE_DEBUG_INFO = YES;
				ONLY_ACTIVE_ARCH = YES;
				SDKROOT = iphoneos;
				SWIFT_ACTIVE_COMPILATION_CONDITIONS = DEBUG;
				SWIFT_OPTIMIZATION_LEVEL = "-Onone";
				TARGETED_DEVICE_FAMILY = "1,2";
			};
			name = Debug;
		};
		353A85981E6B786F00278195 /* Release */ = {
			isa = XCBuildConfiguration;
			buildSettings = {
				ALWAYS_SEARCH_USER_PATHS = NO;
				CLANG_ANALYZER_NONNULL = YES;
				CLANG_CXX_LANGUAGE_STANDARD = "gnu++0x";
				CLANG_CXX_LIBRARY = "libc++";
				CLANG_ENABLE_MODULES = YES;
				CLANG_ENABLE_OBJC_ARC = YES;
				CLANG_WARN_BOOL_CONVERSION = YES;
				CLANG_WARN_CONSTANT_CONVERSION = YES;
				CLANG_WARN_DIRECT_OBJC_ISA_USAGE = YES_ERROR;
				CLANG_WARN_DOCUMENTATION_COMMENTS = YES;
				CLANG_WARN_EMPTY_BODY = YES;
				CLANG_WARN_ENUM_CONVERSION = YES;
				CLANG_WARN_INFINITE_RECURSION = YES;
				CLANG_WARN_INT_CONVERSION = YES;
				CLANG_WARN_OBJC_ROOT_CLASS = YES_ERROR;
				CLANG_WARN_SUSPICIOUS_MOVE = YES;
				CLANG_WARN_UNREACHABLE_CODE = YES;
				CLANG_WARN__DUPLICATE_METHOD_MATCH = YES;
				"CODE_SIGN_IDENTITY[sdk=iphoneos*]" = "iPhone Developer";
				COPY_PHASE_STRIP = NO;
				DEBUG_INFORMATION_FORMAT = "dwarf-with-dsym";
				ENABLE_NS_ASSERTIONS = NO;
				ENABLE_STRICT_OBJC_MSGSEND = YES;
				GCC_C_LANGUAGE_STANDARD = gnu99;
				GCC_NO_COMMON_BLOCKS = YES;
				GCC_WARN_64_TO_32_BIT_CONVERSION = YES;
				GCC_WARN_ABOUT_RETURN_TYPE = YES_ERROR;
				GCC_WARN_UNDECLARED_SELECTOR = YES;
				GCC_WARN_UNINITIALIZED_AUTOS = YES_AGGRESSIVE;
				GCC_WARN_UNUSED_FUNCTION = YES;
				GCC_WARN_UNUSED_VARIABLE = YES;
				IPHONEOS_DEPLOYMENT_TARGET = 10.2;
				MTL_ENABLE_DEBUG_INFO = NO;
				SDKROOT = iphoneos;
				SWIFT_OPTIMIZATION_LEVEL = "-Owholemodule";
				TARGETED_DEVICE_FAMILY = "1,2";
				VALIDATE_PRODUCT = YES;
			};
			name = Release;
		};
		353A859A1E6B786F00278195 /* Debug */ = {
			isa = XCBuildConfiguration;
			baseConfigurationReference = 966E9E3F28AC1681A9D483FF /* Pods-GetMyTag.debug.xcconfig */;
			buildSettings = {
				ASSETCATALOG_COMPILER_APPICON_NAME = AppIcon;
				INFOPLIST_FILE = GetMyTag/Info.plist;
				LD_RUNPATH_SEARCH_PATHS = "$(inherited) @executable_path/Frameworks";
				PRODUCT_BUNDLE_IDENTIFIER = com.mobstudio.GetMyTag;
				PRODUCT_NAME = "$(TARGET_NAME)";
				SWIFT_VERSION = 3.0;
			};
			name = Debug;
		};
		353A859B1E6B786F00278195 /* Release */ = {
			isa = XCBuildConfiguration;
			baseConfigurationReference = B2506081DCFF1AC588798626 /* Pods-GetMyTag.release.xcconfig */;
			buildSettings = {
				ASSETCATALOG_COMPILER_APPICON_NAME = AppIcon;
				INFOPLIST_FILE = GetMyTag/Info.plist;
				LD_RUNPATH_SEARCH_PATHS = "$(inherited) @executable_path/Frameworks";
				PRODUCT_BUNDLE_IDENTIFIER = com.mobstudio.GetMyTag;
				PRODUCT_NAME = "$(TARGET_NAME)";
				SWIFT_VERSION = 3.0;
			};
			name = Release;
		};
		353A859D1E6B786F00278195 /* Debug */ = {
			isa = XCBuildConfiguration;
			baseConfigurationReference = F8DA4CE488C4215D35B5CCAF /* Pods-GetMyTagTests.debug.xcconfig */;
			buildSettings = {
				ALWAYS_EMBED_SWIFT_STANDARD_LIBRARIES = YES;
				BUNDLE_LOADER = "$(TEST_HOST)";
				INFOPLIST_FILE = GetMyTagTests/Info.plist;
				LD_RUNPATH_SEARCH_PATHS = "$(inherited) @executable_path/Frameworks @loader_path/Frameworks";
				PRODUCT_BUNDLE_IDENTIFIER = com.mobstudio.GetMyTagTests;
				PRODUCT_NAME = "$(TARGET_NAME)";
				SWIFT_VERSION = 3.0;
				TEST_HOST = "$(BUILT_PRODUCTS_DIR)/GetMyTag.app/GetMyTag";
			};
			name = Debug;
		};
		353A859E1E6B786F00278195 /* Release */ = {
			isa = XCBuildConfiguration;
			baseConfigurationReference = 576355623A9971DCC32234A7 /* Pods-GetMyTagTests.release.xcconfig */;
			buildSettings = {
				ALWAYS_EMBED_SWIFT_STANDARD_LIBRARIES = YES;
				BUNDLE_LOADER = "$(TEST_HOST)";
				INFOPLIST_FILE = GetMyTagTests/Info.plist;
				LD_RUNPATH_SEARCH_PATHS = "$(inherited) @executable_path/Frameworks @loader_path/Frameworks";
				PRODUCT_BUNDLE_IDENTIFIER = com.mobstudio.GetMyTagTests;
				PRODUCT_NAME = "$(TARGET_NAME)";
				SWIFT_VERSION = 3.0;
				TEST_HOST = "$(BUILT_PRODUCTS_DIR)/GetMyTag.app/GetMyTag";
			};
			name = Release;
		};
		353A85A01E6B786F00278195 /* Debug */ = {
			isa = XCBuildConfiguration;
			baseConfigurationReference = E262F810C99A3F4902C111F3 /* Pods-GetMyTagUITests.debug.xcconfig */;
			buildSettings = {
				ALWAYS_EMBED_SWIFT_STANDARD_LIBRARIES = YES;
				INFOPLIST_FILE = GetMyTagUITests/Info.plist;
				LD_RUNPATH_SEARCH_PATHS = "$(inherited) @executable_path/Frameworks @loader_path/Frameworks";
				PRODUCT_BUNDLE_IDENTIFIER = com.mobstudio.GetMyTagUITests;
				PRODUCT_NAME = "$(TARGET_NAME)";
				SWIFT_VERSION = 3.0;
				TEST_TARGET_NAME = GetMyTag;
			};
			name = Debug;
		};
		353A85A11E6B786F00278195 /* Release */ = {
			isa = XCBuildConfiguration;
			baseConfigurationReference = 2696153B6200A323059D3C9D /* Pods-GetMyTagUITests.release.xcconfig */;
			buildSettings = {
				ALWAYS_EMBED_SWIFT_STANDARD_LIBRARIES = YES;
				INFOPLIST_FILE = GetMyTagUITests/Info.plist;
				LD_RUNPATH_SEARCH_PATHS = "$(inherited) @executable_path/Frameworks @loader_path/Frameworks";
				PRODUCT_BUNDLE_IDENTIFIER = com.mobstudio.GetMyTagUITests;
				PRODUCT_NAME = "$(TARGET_NAME)";
				SWIFT_VERSION = 3.0;
				TEST_TARGET_NAME = GetMyTag;
			};
			name = Release;
		};
/* End XCBuildConfiguration section */

/* Begin XCConfigurationList section */
		353A856C1E6B786F00278195 /* Build configuration list for PBXProject "GetMyTag" */ = {
			isa = XCConfigurationList;
			buildConfigurations = (
				353A85971E6B786F00278195 /* Debug */,
				353A85981E6B786F00278195 /* Release */,
			);
			defaultConfigurationIsVisible = 0;
			defaultConfigurationName = Release;
		};
		353A85991E6B786F00278195 /* Build configuration list for PBXNativeTarget "GetMyTag" */ = {
			isa = XCConfigurationList;
			buildConfigurations = (
				353A859A1E6B786F00278195 /* Debug */,
				353A859B1E6B786F00278195 /* Release */,
			);
			defaultConfigurationIsVisible = 0;
			defaultConfigurationName = Release;
		};
		353A859C1E6B786F00278195 /* Build configuration list for PBXNativeTarget "GetMyTagTests" */ = {
			isa = XCConfigurationList;
			buildConfigurations = (
				353A859D1E6B786F00278195 /* Debug */,
				353A859E1E6B786F00278195 /* Release */,
			);
			defaultConfigurationIsVisible = 0;
			defaultConfigurationName = Release;
		};
		353A859F1E6B786F00278195 /* Build configuration list for PBXNativeTarget "GetMyTagUITests" */ = {
			isa = XCConfigurationList;
			buildConfigurations = (
				353A85A01E6B786F00278195 /* Debug */,
				353A85A11E6B786F00278195 /* Release */,
			);
			defaultConfigurationIsVisible = 0;
			defaultConfigurationName = Release;
		};
/* End XCConfigurationList section */
	};
	rootObject = 353A85691E6B786F00278195 /* Project object */;
}
